
Microsoft Visual Studio Solution File, Format Version 12.00
# Visual Studio 2013
VisualStudioVersion = 12.0.40629.0
MinimumVisualStudioVersion = 10.0.40219.1
Project("{2150E333-8FDC-42A3-9474-1A3956D46DE8}") = "Chapter01", "Chapter01", "{CD3A8BFA-AD09-4816-85A5-8EE1EEE9306B}"
EndProject
Project("{FAE04EC0-301F-11D3-BF4B-00C04F79EFBC}") = "Project_Exam01", "Chapter01\Project_Exam01\Project_Exam01.csproj", "{225824CB-CF26-4B09-88E3-CBEDAD23C08D}"
EndProject
Global
	GlobalSection(SolutionConfigurationPlatforms) = preSolution
		Debug|Any CPU = Debug|Any CPU
		Release|Any CPU = Release|Any CPU
	EndGlobalSection
	GlobalSection(ProjectConfigurationPlatforms) = postSolution
		{225824CB-CF26-4B09-88E3-CBEDAD23C08D}.Debug|Any CPU.ActiveCfg = Debug|Any CPU
		{225824CB-CF26-4B09-88E3-CBEDAD23C08D}.Debug|Any CPU.Build.0 = Debug|Any CPU
		{225824CB-CF26-4B09-88E3-CBEDAD23C08D}.Release|Any CPU.ActiveCfg = Release|Any CPU
		{225824CB-CF26-4B09-88E3-CBEDAD23C08D}.Release|Any CPU.Build.0 = Release|Any CPU
	EndGlobalSection
	GlobalSection(SolutionProperties) = preSolution
		HideSolutionNode = FALSE
	EndGlobalSection
	GlobalSection(NestedProjects) = preSolution
		{225824CB-CF26-4B09-88E3-CBEDAD23C08D} = {CD3A8BFA-AD09-4816-85A5-8EE1EEE9306B}
	EndGlobalSection
EndGlobal
