
Microsoft Visual Studio Solution File, Format Version 12.00
# Visual Studio Version 16
VisualStudioVersion = 16.0.31229.75
MinimumVisualStudioVersion = 10.0.40219.1
Project("{2150E333-8FDC-42A3-9474-1A3956D46DE8}") = "Chapter01", "Chapter01", "{CD3A8BFA-AD09-4816-85A5-8EE1EEE9306B}"
EndProject
Project("{FAE04EC0-301F-11D3-BF4B-00C04F79EFBC}") = "Project_Exam01", "Chapter01\Project_Exam01\Project_Exam01.csproj", "{225824CB-CF26-4B09-88E3-CBEDAD23C08D}"
EndProject
Project("{2150E333-8FDC-42A3-9474-1A3956D46DE8}") = "Chapter02", "Chapter02", "{1B6AE160-4093-4F17-B95D-E6543C13AA0C}"
EndProject
Project("{FAE04EC0-301F-11D3-BF4B-00C04F79EFBC}") = "Project20210913_Login", "Chapter02\Project20210913_Login\Project20210913_Login.csproj", "{6E970686-BAE9-41B6-B7F4-2272792F6179}"
EndProject
Project("{FAE04EC0-301F-11D3-BF4B-00C04F79EFBC}") = "Pro_TongKetProLogin", "Chapter02\Pro_TongKetProLogin\Pro_TongKetProLogin.csproj", "{B8197052-571D-43AC-B108-8BDA56066DC8}"
EndProject
Project("{2150E333-8FDC-42A3-9474-1A3956D46DE8}") = "Chapter03", "Chapter03", "{D2114766-3A8B-4B31-9218-DF2750D6B6A7}"
EndProject
Project("{FAE04EC0-301F-11D3-BF4B-00C04F79EFBC}") = "Project_QuaySoMayMan", "Chapter03\Project_QuaySoMayMan\Project_QuaySoMayMan.csproj", "{AE71245F-B28B-4502-B3DD-07902F690160}"
EndProject
Project("{FAE04EC0-301F-11D3-BF4B-00C04F79EFBC}") = "LibraryClass", "Chapter03\Project_QuaySoMayMan\LibraryClass\LibraryClass.csproj", "{C31E6005-EE73-4507-B4BB-47AD5E53DCDC}"
EndProject
Project("{2150E333-8FDC-42A3-9474-1A3956D46DE8}") = "Chapter04", "Chapter04", "{D4CFDD46-365A-45AF-8F8F-2036ED211119}"
EndProject
Project("{FAE04EC0-301F-11D3-BF4B-00C04F79EFBC}") = "Project03_Design", "Chapter04\Project03_Design\Project03_Design.csproj", "{F33C7A1C-183D-454D-B6BC-0E49CE404D22}"
EndProject
Project("{FAE04EC0-301F-11D3-BF4B-00C04F79EFBC}") = "MyLibrary", "MyTextBox\MyLibrary.csproj", "{C5A13484-36BE-4571-9F7B-A078FADF24C3}"
EndProject
Global
	GlobalSection(SolutionConfigurationPlatforms) = preSolution
		Debug|Any CPU = Debug|Any CPU
		Release|Any CPU = Release|Any CPU
	EndGlobalSection
	GlobalSection(ProjectConfigurationPlatforms) = postSolution
		{225824CB-CF26-4B09-88E3-CBEDAD23C08D}.Debug|Any CPU.ActiveCfg = Debug|Any CPU
		{225824CB-CF26-4B09-88E3-CBEDAD23C08D}.Debug|Any CPU.Build.0 = Debug|Any CPU
		{225824CB-CF26-4B09-88E3-CBEDAD23C08D}.Release|Any CPU.ActiveCfg = Release|Any CPU
		{225824CB-CF26-4B09-88E3-CBEDAD23C08D}.Release|Any CPU.Build.0 = Release|Any CPU
		{6E970686-BAE9-41B6-B7F4-2272792F6179}.Debug|Any CPU.ActiveCfg = Debug|Any CPU
		{6E970686-BAE9-41B6-B7F4-2272792F6179}.Debug|Any CPU.Build.0 = Debug|Any CPU
		{6E970686-BAE9-41B6-B7F4-2272792F6179}.Release|Any CPU.ActiveCfg = Release|Any CPU
		{6E970686-BAE9-41B6-B7F4-2272792F6179}.Release|Any CPU.Build.0 = Release|Any CPU
		{B8197052-571D-43AC-B108-8BDA56066DC8}.Debug|Any CPU.ActiveCfg = Debug|Any CPU
		{B8197052-571D-43AC-B108-8BDA56066DC8}.Debug|Any CPU.Build.0 = Debug|Any CPU
		{B8197052-571D-43AC-B108-8BDA56066DC8}.Release|Any CPU.ActiveCfg = Release|Any CPU
		{B8197052-571D-43AC-B108-8BDA56066DC8}.Release|Any CPU.Build.0 = Release|Any CPU
		{AE71245F-B28B-4502-B3DD-07902F690160}.Debug|Any CPU.ActiveCfg = Debug|Any CPU
		{AE71245F-B28B-4502-B3DD-07902F690160}.Debug|Any CPU.Build.0 = Debug|Any CPU
		{AE71245F-B28B-4502-B3DD-07902F690160}.Release|Any CPU.ActiveCfg = Release|Any CPU
		{AE71245F-B28B-4502-B3DD-07902F690160}.Release|Any CPU.Build.0 = Release|Any CPU
		{C31E6005-EE73-4507-B4BB-47AD5E53DCDC}.Debug|Any CPU.ActiveCfg = Debug|Any CPU
		{C31E6005-EE73-4507-B4BB-47AD5E53DCDC}.Debug|Any CPU.Build.0 = Debug|Any CPU
		{C31E6005-EE73-4507-B4BB-47AD5E53DCDC}.Release|Any CPU.ActiveCfg = Release|Any CPU
		{C31E6005-EE73-4507-B4BB-47AD5E53DCDC}.Release|Any CPU.Build.0 = Release|Any CPU
		{F33C7A1C-183D-454D-B6BC-0E49CE404D22}.Debug|Any CPU.ActiveCfg = Debug|Any CPU
		{F33C7A1C-183D-454D-B6BC-0E49CE404D22}.Debug|Any CPU.Build.0 = Debug|Any CPU
		{F33C7A1C-183D-454D-B6BC-0E49CE404D22}.Release|Any CPU.ActiveCfg = Release|Any CPU
		{F33C7A1C-183D-454D-B6BC-0E49CE404D22}.Release|Any CPU.Build.0 = Release|Any CPU
		{C5A13484-36BE-4571-9F7B-A078FADF24C3}.Debug|Any CPU.ActiveCfg = Debug|Any CPU
		{C5A13484-36BE-4571-9F7B-A078FADF24C3}.Debug|Any CPU.Build.0 = Debug|Any CPU
		{C5A13484-36BE-4571-9F7B-A078FADF24C3}.Release|Any CPU.ActiveCfg = Release|Any CPU
		{C5A13484-36BE-4571-9F7B-A078FADF24C3}.Release|Any CPU.Build.0 = Release|Any CPU
	EndGlobalSection
	GlobalSection(SolutionProperties) = preSolution
		HideSolutionNode = FALSE
	EndGlobalSection
	GlobalSection(NestedProjects) = preSolution
		{225824CB-CF26-4B09-88E3-CBEDAD23C08D} = {CD3A8BFA-AD09-4816-85A5-8EE1EEE9306B}
		{6E970686-BAE9-41B6-B7F4-2272792F6179} = {1B6AE160-4093-4F17-B95D-E6543C13AA0C}
		{B8197052-571D-43AC-B108-8BDA56066DC8} = {1B6AE160-4093-4F17-B95D-E6543C13AA0C}
		{AE71245F-B28B-4502-B3DD-07902F690160} = {D2114766-3A8B-4B31-9218-DF2750D6B6A7}
		{C31E6005-EE73-4507-B4BB-47AD5E53DCDC} = {D2114766-3A8B-4B31-9218-DF2750D6B6A7}
		{F33C7A1C-183D-454D-B6BC-0E49CE404D22} = {D4CFDD46-365A-45AF-8F8F-2036ED211119}
		{C5A13484-36BE-4571-9F7B-A078FADF24C3} = {D4CFDD46-365A-45AF-8F8F-2036ED211119}
	EndGlobalSection
	GlobalSection(ExtensibilityGlobals) = postSolution
		SolutionGuid = {40EC364F-D4A4-40B6-B12C-D8A052277A9B}
	EndGlobalSection
EndGlobal
